
Microsoft Visual Studio Solution File, Format Version 12.00
# Visual Studio Version 17
VisualStudioVersion = 17.3.32901.215
MinimumVisualStudioVersion = 10.0.40219.1
Project("{FAE04EC0-301F-11D3-BF4B-00C04F79EFBC}") = "Cleaner", "Cleaner\Cleaner.csproj", "{96118A4D-8C94-4362-8CF5-7913B1764F57}"
EndProject
Global
	GlobalSection(SolutionConfigurationPlatforms) = preSolution
		Debug|Any CPU = Debug|Any CPU
		Release|Any CPU = Release|Any CPU
	EndGlobalSection
	GlobalSection(ProjectConfigurationPlatforms) = postSolution
		{96118A4D-8C94-4362-8CF5-7913B1764F57}.Debug|Any CPU.ActiveCfg = Debug|Any CPU
		{96118A4D-8C94-4362-8CF5-7913B1764F57}.Debug|Any CPU.Build.0 = Debug|Any CPU
		{96118A4D-8C94-4362-8CF5-7913B1764F57}.Release|Any CPU.ActiveCfg = Release|Any CPU
		{96118A4D-8C94-4362-8CF5-7913B1764F57}.Release|Any CPU.Build.0 = Release|Any CPU
	EndGlobalSection
	GlobalSection(SolutionProperties) = preSolution
		HideSolutionNode = FALSE
	EndGlobalSection
	GlobalSection(ExtensibilityGlobals) = postSolution
		SolutionGuid = {5C8EDB9C-7BF3-4391-A000-0D66ED30AB2F}
	EndGlobalSection
EndGlobal
